// !$*UTF8*$!
{
	archiveVersion = 1;
	classes = {
	};
	objectVersion = 50;
	objects = {

/* Begin PBXBuildFile section */
		AA61ABFD2495FD4A00F7B4AC /* AppDelegate.swift in Sources */ = {isa = PBXBuildFile; fileRef = AA61ABFC2495FD4A00F7B4AC /* AppDelegate.swift */; };
		AA61ABFF2495FD4A00F7B4AC /* SceneDelegate.swift in Sources */ = {isa = PBXBuildFile; fileRef = AA61ABFE2495FD4A00F7B4AC /* SceneDelegate.swift */; };
		AA61AC012495FD4A00F7B4AC /* ViewController.swift in Sources */ = {isa = PBXBuildFile; fileRef = AA61AC002495FD4A00F7B4AC /* ViewController.swift */; };
		AA61AC042495FD4A00F7B4AC /* Main.storyboard in Resources */ = {isa = PBXBuildFile; fileRef = AA61AC022495FD4A00F7B4AC /* Main.storyboard */; };
		AA61AC062495FD5A00F7B4AC /* Assets.xcassets in Resources */ = {isa = PBXBuildFile; fileRef = AA61AC052495FD5A00F7B4AC /* Assets.xcassets */; };
		AA61AC092495FD5B00F7B4AC /* LaunchScreen.storyboard in Resources */ = {isa = PBXBuildFile; fileRef = AA61AC072495FD5B00F7B4AC /* LaunchScreen.storyboard */; };
		AA61AC112496030F00F7B4AC /* DetailViewController.swift in Sources */ = {isa = PBXBuildFile; fileRef = AA61AC102496030F00F7B4AC /* DetailViewController.swift */; };
		AAB2A8192496E5CF00FB29ED /* SwiftyJSON.swift in Sources */ = {isa = PBXBuildFile; fileRef = AAB2A8182496E5CF00FB29ED /* SwiftyJSON.swift */; };
		AAB2A81C2496E60C00FB29ED /* Project38.xcdatamodeld in Sources */ = {isa = PBXBuildFile; fileRef = AAB2A81A2496E60C00FB29ED /* Project38.xcdatamodeld */; };
/* End PBXBuildFile section */

/* Begin PBXFileReference section */
		AA61ABF92495FD4A00F7B4AC /* Project38.app */ = {isa = PBXFileReference; explicitFileType = wrapper.application; includeInIndex = 0; path = Project38.app; sourceTree = BUILT_PRODUCTS_DIR; };
		AA61ABFC2495FD4A00F7B4AC /* AppDelegate.swift */ = {isa = PBXFileReference; lastKnownFileType = sourcecode.swift; path = AppDelegate.swift; sourceTree = "<group>"; };
		AA61ABFE2495FD4A00F7B4AC /* SceneDelegate.swift */ = {isa = PBXFileReference; lastKnownFileType = sourcecode.swift; path = SceneDelegate.swift; sourceTree = "<group>"; };
		AA61AC002495FD4A00F7B4AC /* ViewController.swift */ = {isa = PBXFileReference; lastKnownFileType = sourcecode.swift; path = ViewController.swift; sourceTree = "<group>"; };
		AA61AC032495FD4A00F7B4AC /* Base */ = {isa = PBXFileReference; lastKnownFileType = file.storyboard; name = Base; path = Base.lproj/Main.storyboard; sourceTree = "<group>"; };
		AA61AC052495FD5A00F7B4AC /* Assets.xcassets */ = {isa = PBXFileReference; lastKnownFileType = folder.assetcatalog; path = Assets.xcassets; sourceTree = "<group>"; };
		AA61AC082495FD5B00F7B4AC /* Base */ = {isa = PBXFileReference; lastKnownFileType = file.storyboard; name = Base; path = Base.lproj/LaunchScreen.storyboard; sourceTree = "<group>"; };
		AA61AC0A2495FD5B00F7B4AC /* Info.plist */ = {isa = PBXFileReference; lastKnownFileType = text.plist.xml; path = Info.plist; sourceTree = "<group>"; };
		AA61AC102496030F00F7B4AC /* DetailViewController.swift */ = {isa = PBXFileReference; lastKnownFileType = sourcecode.swift; path = DetailViewController.swift; sourceTree = "<group>"; };
		AAB2A8182496E5CF00FB29ED /* SwiftyJSON.swift */ = {isa = PBXFileReference; fileEncoding = 4; lastKnownFileType = sourcecode.swift; path = SwiftyJSON.swift; sourceTree = "<group>"; };
		AAB2A81B2496E60C00FB29ED /* Project38.xcdatamodel */ = {isa = PBXFileReference; lastKnownFileType = wrapper.xcdatamodel; path = Project38.xcdatamodel; sourceTree = "<group>"; };
/* End PBXFileReference section */

/* Begin PBXFrameworksBuildPhase section */
		AA61ABF62495FD4A00F7B4AC /* Frameworks */ = {
			isa = PBXFrameworksBuildPhase;
			buildActionMask = 2147483647;
			files = (
			);
			runOnlyForDeploymentPostprocessing = 0;
		};
/* End PBXFrameworksBuildPhase section */

/* Begin PBXGroup section */
		AA61ABF02495FD4A00F7B4AC = {
			isa = PBXGroup;
			children = (
				AA61ABFB2495FD4A00F7B4AC /* Project38 */,
				AA61ABFA2495FD4A00F7B4AC /* Products */,
			);
			sourceTree = "<group>";
		};
		AA61ABFA2495FD4A00F7B4AC /* Products */ = {
			isa = PBXGroup;
			children = (
				AA61ABF92495FD4A00F7B4AC /* Project38.app */,
			);
			name = Products;
			sourceTree = "<group>";
		};
		AA61ABFB2495FD4A00F7B4AC /* Project38 */ = {
			isa = PBXGroup;
			children = (
				AA61ABFC2495FD4A00F7B4AC /* AppDelegate.swift */,
				AA61ABFE2495FD4A00F7B4AC /* SceneDelegate.swift */,
				AA61AC002495FD4A00F7B4AC /* ViewController.swift */,
				AA61AC102496030F00F7B4AC /* DetailViewController.swift */,
				AA61AC022495FD4A00F7B4AC /* Main.storyboard */,
				AAB2A8182496E5CF00FB29ED /* SwiftyJSON.swift */,
				AAB2A81A2496E60C00FB29ED /* Project38.xcdatamodeld */,
				AA61AC052495FD5A00F7B4AC /* Assets.xcassets */,
				AA61AC072495FD5B00F7B4AC /* LaunchScreen.storyboard */,
				AA61AC0A2495FD5B00F7B4AC /* Info.plist */,
			);
			path = Project38;
			sourceTree = "<group>";
		};
/* End PBXGroup section */

/* Begin PBXNativeTarget section */
		AA61ABF82495FD4A00F7B4AC /* Project38 */ = {
			isa = PBXNativeTarget;
			buildConfigurationList = AA61AC0D2495FD5B00F7B4AC /* Build configuration list for PBXNativeTarget "Project38" */;
			buildPhases = (
				AA61ABF52495FD4A00F7B4AC /* Sources */,
				AA61ABF62495FD4A00F7B4AC /* Frameworks */,
				AA61ABF72495FD4A00F7B4AC /* Resources */,
			);
			buildRules = (
			);
			dependencies = (
			);
			name = Project38;
			productName = Project38;
			productReference = AA61ABF92495FD4A00F7B4AC /* Project38.app */;
			productType = "com.apple.product-type.application";
		};
/* End PBXNativeTarget section */

/* Begin PBXProject section */
		AA61ABF12495FD4A00F7B4AC /* Project object */ = {
			isa = PBXProject;
			attributes = {
				LastSwiftUpdateCheck = 1150;
				LastUpgradeCheck = 1150;
				ORGANIZATIONNAME = "Juan Torres";
				TargetAttributes = {
					AA61ABF82495FD4A00F7B4AC = {
						CreatedOnToolsVersion = 11.5;
					};
				};
			};
			buildConfigurationList = AA61ABF42495FD4A00F7B4AC /* Build configuration list for PBXProject "Project38" */;
			compatibilityVersion = "Xcode 9.3";
			developmentRegion = en;
			hasScannedForEncodings = 0;
			knownRegions = (
				en,
				Base,
			);
			mainGroup = AA61ABF02495FD4A00F7B4AC;
			productRefGroup = AA61ABFA2495FD4A00F7B4AC /* Products */;
			projectDirPath = "";
			projectRoot = "";
			targets = (
				AA61ABF82495FD4A00F7B4AC /* Project38 */,
			);
		};
/* End PBXProject section */

/* Begin PBXResourcesBuildPhase section */
		AA61ABF72495FD4A00F7B4AC /* Resources */ = {
			isa = PBXResourcesBuildPhase;
			buildActionMask = 2147483647;
			files = (
				AA61AC092495FD5B00F7B4AC /* LaunchScreen.storyboard in Resources */,
				AA61AC062495FD5A00F7B4AC /* Assets.xcassets in Resources */,
				AA61AC042495FD4A00F7B4AC /* Main.storyboard in Resources */,
			);
			runOnlyForDeploymentPostprocessing = 0;
		};
/* End PBXResourcesBuildPhase section */

/* Begin PBXSourcesBuildPhase section */
		AA61ABF52495FD4A00F7B4AC /* Sources */ = {
			isa = PBXSourcesBuildPhase;
			buildActionMask = 2147483647;
			files = (
				AA61AC012495FD4A00F7B4AC /* ViewController.swift in Sources */,
				AA61ABFD2495FD4A00F7B4AC /* AppDelegate.swift in Sources */,
				AA61ABFF2495FD4A00F7B4AC /* SceneDelegate.swift in Sources */,
				AAB2A8192496E5CF00FB29ED /* SwiftyJSON.swift in Sources */,
				AAB2A81C2496E60C00FB29ED /* Project38.xcdatamodeld in Sources */,
				AA61AC112496030F00F7B4AC /* DetailViewController.swift in Sources */,
			);
			runOnlyForDeploymentPostprocessing = 0;
		};
/* End PBXSourcesBuildPhase section */

/* Begin PBXVariantGroup section */
		AA61AC022495FD4A00F7B4AC /* Main.storyboard */ = {
			isa = PBXVariantGroup;
			children = (
				AA61AC032495FD4A00F7B4AC /* Base */,
			);
			name = Main.storyboard;
			sourceTree = "<group>";
		};
		AA61AC072495FD5B00F7B4AC /* LaunchScreen.storyboard */ = {
			isa = PBXVariantGroup;
			children = (
				AA61AC082495FD5B00F7B4AC /* Base */,
			);
			name = LaunchScreen.storyboard;
			sourceTree = "<group>";
		};
/* End PBXVariantGroup section */

/* Begin XCBuildConfiguration section */
		AA61AC0B2495FD5B00F7B4AC /* Debug */ = {
			isa = XCBuildConfiguration;
			buildSettings = {
				ALWAYS_SEARCH_USER_PATHS = NO;
				CLANG_ANALYZER_NONNULL = YES;
				CLANG_ANALYZER_NUMBER_OBJECT_CONVERSION = YES_AGGRESSIVE;
				CLANG_CXX_LANGUAGE_STANDARD = "gnu++14";
				CLANG_CXX_LIBRARY = "libc++";
				CLANG_ENABLE_MODULES = YES;
				CLANG_ENABLE_OBJC_ARC = YES;
				CLANG_ENABLE_OBJC_WEAK = YES;
				CLANG_WARN_BLOCK_CAPTURE_AUTORELEASING = YES;
				CLANG_WARN_BOOL_CONVERSION = YES;
				CLANG_WARN_COMMA = YES;
				CLANG_WARN_CONSTANT_CONVERSION = YES;
				CLANG_WARN_DEPRECATED_OBJC_IMPLEMENTATIONS = YES;
				CLANG_WARN_DIRECT_OBJC_ISA_USAGE = YES_ERROR;
				CLANG_WARN_DOCUMENTATION_COMMENTS = YES;
				CLANG_WARN_EMPTY_BODY = YES;
				CLANG_WARN_ENUM_CONVERSION = YES;
				CLANG_WARN_INFINITE_RECURSION = YES;
				CLANG_WARN_INT_CONVERSION = YES;
				CLANG_WARN_NON_LITERAL_NULL_CONVERSION = YES;
				CLANG_WARN_OBJC_IMPLICIT_RETAIN_SELF = YES;
				CLANG_WARN_OBJC_LITERAL_CONVERSION = YES;
				CLANG_WARN_OBJC_ROOT_CLASS = YES_ERROR;
				CLANG_WARN_RANGE_LOOP_ANALYSIS = YES;
				CLANG_WARN_STRICT_PROTOTYPES = YES;
				CLANG_WARN_SUSPICIOUS_MOVE = YES;
				CLANG_WARN_UNGUARDED_AVAILABILITY = YES_AGGRESSIVE;
				CLANG_WARN_UNREACHABLE_CODE = YES;
				CLANG_WARN__DUPLICATE_METHOD_MATCH = YES;
				COPY_PHASE_STRIP = NO;
				DEBUG_INFORMATION_FORMAT = dwarf;
				ENABLE_STRICT_OBJC_MSGSEND = YES;
				ENABLE_TESTABILITY = YES;
				GCC_C_LANGUAGE_STANDARD = gnu11;
				GCC_DYNAMIC_NO_PIC = NO;
				GCC_NO_COMMON_BLOCKS = YES;
				GCC_OPTIMIZATION_LEVEL = 0;
				GCC_PREPROCESSOR_DEFINITIONS = (
					"DEBUG=1",
					"$(inherited)",
				);
				GCC_WARN_64_TO_32_BIT_CONVERSION = YES;
				GCC_WARN_ABOUT_RETURN_TYPE = YES_ERROR;
				GCC_WARN_UNDECLARED_SELECTOR = YES;
				GCC_WARN_UNINITIALIZED_AUTOS = YES_AGGRESSIVE;
				GCC_WARN_UNUSED_FUNCTION = YES;
				GCC_WARN_UNUSED_VARIABLE = YES;
				IPHONEOS_DEPLOYMENT_TARGET = 13.5;
				MTL_ENABLE_DEBUG_INFO = INCLUDE_SOURCE;
				MTL_FAST_MATH = YES;
				ONLY_ACTIVE_ARCH = YES;
				SDKROOT = iphoneos;
				SWIFT_ACTIVE_COMPILATION_CONDITIONS = DEBUG;
				SWIFT_OPTIMIZATION_LEVEL = "-Onone";
			};
			name = Debug;
		};
		AA61AC0C2495FD5B00F7B4AC /* Release */ = {
			isa = XCBuildConfiguration;
			buildSettings = {
				ALWAYS_SEARCH_USER_PATHS = NO;
				CLANG_ANALYZER_NONNULL = YES;
				CLANG_ANALYZER_NUMBER_OBJECT_CONVERSION = YES_AGGRESSIVE;
				CLANG_CXX_LANGUAGE_STANDARD = "gnu++14";
				CLANG_CXX_LIBRARY = "libc++";
				CLANG_ENABLE_MODULES = YES;
				CLANG_ENABLE_OBJC_ARC = YES;
				CLANG_ENABLE_OBJC_WEAK = YES;
				CLANG_WARN_BLOCK_CAPTURE_AUTORELEASING = YES;
				CLANG_WARN_BOOL_CONVERSION = YES;
				CLANG_WARN_COMMA = YES;
				CLANG_WARN_CONSTANT_CONVERSION = YES;
				CLANG_WARN_DEPRECATED_OBJC_IMPLEMENTATIONS = YES;
				CLANG_WARN_DIRECT_OBJC_ISA_USAGE = YES_ERROR;
				CLANG_WARN_DOCUMENTATION_COMMENTS = YES;
				CLANG_WARN_EMPTY_BODY = YES;
				CLANG_WARN_ENUM_CONVERSION = YES;
				CLANG_WARN_INFINITE_RECURSION = YES;
				CLANG_WARN_INT_CONVERSION = YES;
				CLANG_WARN_NON_LITERAL_NULL_CONVERSION = YES;
				CLANG_WARN_OBJC_IMPLICIT_RETAIN_SELF = YES;
				CLANG_WARN_OBJC_LITERAL_CONVERSION = YES;
				CLANG_WARN_OBJC_ROOT_CLASS = YES_ERROR;
				CLANG_WARN_RANGE_LOOP_ANALYSIS = YES;
				CLANG_WARN_STRICT_PROTOTYPES = YES;
				CLANG_WARN_SUSPICIOUS_MOVE = YES;
				CLANG_WARN_UNGUARDED_AVAILABILITY = YES_AGGRESSIVE;
				CLANG_WARN_UNREACHABLE_CODE = YES;
				CLANG_WARN__DUPLICATE_METHOD_MATCH = YES;
				COPY_PHASE_STRIP = NO;
				DEBUG_INFORMATION_FORMAT = "dwarf-with-dsym";
				ENABLE_NS_ASSERTIONS = NO;
				ENABLE_STRICT_OBJC_MSGSEND = YES;
				GCC_C_LANGUAGE_STANDARD = gnu11;
				GCC_NO_COMMON_BLOCKS = YES;
				GCC_WARN_64_TO_32_BIT_CONVERSION = YES;
				GCC_WARN_ABOUT_RETURN_TYPE = YES_ERROR;
				GCC_WARN_UNDECLARED_SELECTOR = YES;
				GCC_WARN_UNINITIALIZED_AUTOS = YES_AGGRESSIVE;
				GCC_WARN_UNUSED_FUNCTION = YES;
				GCC_WARN_UNUSED_VARIABLE = YES;
				IPHONEOS_DEPLOYMENT_TARGET = 13.5;
				MTL_ENABLE_DEBUG_INFO = NO;
				MTL_FAST_MATH = YES;
				SDKROOT = iphoneos;
				SWIFT_COMPILATION_MODE = wholemodule;
				SWIFT_OPTIMIZATION_LEVEL = "-O";
				VALIDATE_PRODUCT = YES;
			};
			name = Release;
		};
		AA61AC0E2495FD5B00F7B4AC /* Debug */ = {
			isa = XCBuildConfiguration;
			buildSettings = {
				ASSETCATALOG_COMPILER_APPICON_NAME = AppIcon;
				CODE_SIGN_STYLE = Automatic;
				DEVELOPMENT_TEAM = N8FJ8G35PA;
				INFOPLIST_FILE = Project38/Info.plist;
				LD_RUNPATH_SEARCH_PATHS = (
					"$(inherited)",
					"@executable_path/Frameworks",
				);
				PRODUCT_BUNDLE_IDENTIFIER = com.JuanTorres.Project38;
				PRODUCT_NAME = "$(TARGET_NAME)";
				SWIFT_VERSION = 5.0;
				TARGETED_DEVICE_FAMILY = "1,2";
			};
			name = Debug;
		};
		AA61AC0F2495FD5B00F7B4AC /* Release */ = {
			isa = XCBuildConfiguration;
			buildSettings = {
				ASSETCATALOG_COMPILER_APPICON_NAME = AppIcon;
				CODE_SIGN_STYLE = Automatic;
				DEVELOPMENT_TEAM = N8FJ8G35PA;
				INFOPLIST_FILE = Project38/Info.plist;
				LD_RUNPATH_SEARCH_PATHS = (
					"$(inherited)",
					"@executable_path/Frameworks",
				);
				PRODUCT_BUNDLE_IDENTIFIER = com.JuanTorres.Project38;
				PRODUCT_NAME = "$(TARGET_NAME)";
				SWIFT_VERSION = 5.0;
				TARGETED_DEVICE_FAMILY = "1,2";
			};
			name = Release;
		};
/* End XCBuildConfiguration section */

/* Begin XCConfigurationList section */
		AA61ABF42495FD4A00F7B4AC /* Build configuration list for PBXProject "Project38" */ = {
			isa = XCConfigurationList;
			buildConfigurations = (
				AA61AC0B2495FD5B00F7B4AC /* Debug */,
				AA61AC0C2495FD5B00F7B4AC /* Release */,
			);
			defaultConfigurationIsVisible = 0;
			defaultConfigurationName = Release;
		};
		AA61AC0D2495FD5B00F7B4AC /* Build configuration list for PBXNativeTarget "Project38" */ = {
			isa = XCConfigurationList;
			buildConfigurations = (
				AA61AC0E2495FD5B00F7B4AC /* Debug */,
				AA61AC0F2495FD5B00F7B4AC /* Release */,
			);
			defaultConfigurationIsVisible = 0;
			defaultConfigurationName = Release;
		};
/* End XCConfigurationList section */

/* Begin XCVersionGroup section */
		AAB2A81A2496E60C00FB29ED /* Project38.xcdatamodeld */ = {
			isa = XCVersionGroup;
			children = (
				AAB2A81B2496E60C00FB29ED /* Project38.xcdatamodel */,
			);
			currentVersion = AAB2A81B2496E60C00FB29ED /* Project38.xcdatamodel */;
			path = Project38.xcdatamodeld;
			sourceTree = "<group>";
			versionGroupType = wrapper.xcdatamodel;
		};
/* End XCVersionGroup section */
	};
	rootObject = AA61ABF12495FD4A00F7B4AC /* Project object */;
}
